<?xml version="1.0" encoding="utf-8"?>
<Project ToolsVersion="4.0" xmlns="http://schemas.microsoft.com/developer/msbuild/2003">
  <ItemGroup>
    <Filter Include="Source Files">
      <UniqueIdentifier>{4FC737F1-C7A5-4376-A066-2A32D752A2FF}</UniqueIdentifier>
      <Extensions>cpp;c;cc;cxx;def;odl;idl;hpj;bat;asm;asmx</Extensions>
    </Filter>
    <Filter Include="Header Files">
      <UniqueIdentifier>{93995380-89BD-4b04-88EB-625FBE52EBFB}</UniqueIdentifier>
      <Extensions>h;hpp;hxx;hm;inl;inc;xsd</Extensions>
    </Filter>
    <Filter Include="Resource Files">
      <UniqueIdentifier>{67DA6AB6-F800-4c08-8B7A-83BB121AAD01}</UniqueIdentifier>
      <Extensions>rc;ico;cur;bmp;dlg;rc2;rct;bin;rgs;gif;jpg;jpeg;jpe;resx;tiff;tif;png;wav;mfcribbon-ms</Extensions>
    </Filter>
    <Filter Include="Application Manager">
      <UniqueIdentifier>{68f1bd1e-731f-4fa5-a39f-f0ccbac2f29e}</UniqueIdentifier>
    </Filter>
    <Filter Include="Euler Camera">
      <UniqueIdentifier>{0ba22cd1-10ee-478a-8a06-6321251e4c88}</UniqueIdentifier>
    </Filter>
    <Filter Include="Shader Program">
      <UniqueIdentifier>{ea719276-6a0b-4c11-9da5-0e47981fc8b9}</UniqueIdentifier>
    </Filter>
    <Filter Include="Shader Program\Shader Loader">
      <UniqueIdentifier>{139f8bec-73a7-459c-a49e-39b4715ce506}</UniqueIdentifier>
    </Filter>
    <Filter Include="Renderer">
      <UniqueIdentifier>{b8b388a0-cb01-4f64-a6f3-129f13396b25}</UniqueIdentifier>
    </Filter>
    <Filter Include="Texture">
      <UniqueIdentifier>{cd80ef8a-b386-44a7-9f5c-bb8c4d273ee8}</UniqueIdentifier>
    </Filter>
    <Filter Include="Texture\Texture Loader">
      <UniqueIdentifier>{7fbf7deb-474d-40a7-8645-57a7513c4a72}</UniqueIdentifier>
    </Filter>
    <Filter Include="Model">
      <UniqueIdentifier>{e27d8d2d-a39a-4f39-8bd4-e470c8f2f541}</UniqueIdentifier>
    </Filter>
    <Filter Include="Scene">
      <UniqueIdentifier>{209db909-1e9c-49a0-b832-23208509fe70}</UniqueIdentifier>
    </Filter>
    <Filter Include="MD2Model">
      <UniqueIdentifier>{714441be-abcc-47c0-9998-a96c95f509c0}</UniqueIdentifier>
    </Filter>
    <Filter Include="CollisionDetection">
      <UniqueIdentifier>{f7e6e037-9e57-49be-99f2-38553d19a304}</UniqueIdentifier>
    </Filter>
    <Filter Include="GameObject">
      <UniqueIdentifier>{676e4e70-3c62-4dfd-99f1-5a9a867f8274}</UniqueIdentifier>
    </Filter>
    <Filter Include="Hero">
      <UniqueIdentifier>{7831ee1d-d143-4f0b-8791-f4887b899b87}</UniqueIdentifier>
    </Filter>
    <Filter Include="ThirdPersonCamera">
      <UniqueIdentifier>{4740ff11-7487-4521-8dfb-40f0e697eaa1}</UniqueIdentifier>
    </Filter>
    <Filter Include="Rings">
      <UniqueIdentifier>{68830930-2b0f-4ddd-9da0-3ed9bb6ad653}</UniqueIdentifier>
    </Filter>
    <Filter Include="Cube">
      <UniqueIdentifier>{32602863-2562-4daa-8984-dd2f9a741d31}</UniqueIdentifier>
    </Filter>
  </ItemGroup>
  <ItemGroup>
    <ClCompile Include="main.cpp">
      <Filter>Source Files</Filter>
    </ClCompile>
    <ClCompile Include="Application Manager\ApplicationManager.cpp">
      <Filter>Application Manager</Filter>
    </ClCompile>
    <ClCompile Include="EulerCamera\EulerCamera.cpp">
      <Filter>Euler Camera</Filter>
    </ClCompile>
    <ClCompile Include="Model\Model.cpp">
      <Filter>Model</Filter>
    </ClCompile>
    <ClCompile Include="Scene\Model3D.cpp">
      <Filter>Scene</Filter>
    </ClCompile>
    <ClCompile Include="Scene\ModelNode.cpp">
      <Filter>Scene</Filter>
    </ClCompile>
    <ClCompile Include="Scene\TexturedModel.cpp">
      <Filter>Scene</Filter>
    </ClCompile>
    <ClCompile Include="Renderer\Renderer.cpp">
      <Filter>Renderer</Filter>
    </ClCompile>
    <ClCompile Include="GraphicsDevice\ShaderProgram.cpp">
      <Filter>Shader Program</Filter>
    </ClCompile>
    <ClCompile Include="Shaders\shader.cpp">
      <Filter>Shader Program\Shader Loader</Filter>
    </ClCompile>
    <ClCompile Include="Texture\texture.cpp">
      <Filter>Texture</Filter>
    </ClCompile>
    <ClCompile Include="Texture\Texture Loader\stb_image.c">
      <Filter>Texture\Texture Loader</Filter>
    </ClCompile>
    <ClCompile Include="GraphicsDevice\KeyFrameAnimationShader.cpp">
      <Filter>Shader Program</Filter>
    </ClCompile>
    <ClCompile Include="MD2Model\md2model.cpp">
      <Filter>MD2Model</Filter>
    </ClCompile>
    <ClCompile Include="MD2Model\vertexBufferObject.cpp">
      <Filter>MD2Model</Filter>
    </ClCompile>
    <ClCompile Include="CollisionDetection\CollidableModel.cpp">
      <Filter>CollisionDetection</Filter>
    </ClCompile>
    <ClCompile Include="CollisionDetection\CollisionManager.cpp">
      <Filter>CollisionDetection</Filter>
    </ClCompile>
    <ClCompile Include="CollisionDetection\AABoundingBox.cpp">
      <Filter>Source Files</Filter>
    </ClCompile>
    <ClCompile Include="GameObject.cpp">
      <Filter>GameObject</Filter>
    </ClCompile>
    <ClCompile Include="Hero.cpp">
      <Filter>Hero</Filter>
    </ClCompile>
    <ClCompile Include="ThirdPersonCamera.cpp">
      <Filter>ThirdPersonCamera</Filter>
    </ClCompile>
    <ClCompile Include="Rings.cpp">
      <Filter>Rings</Filter>
    </ClCompile>
    <ClCompile Include="Cube.cpp">
      <Filter>Cube</Filter>
    </ClCompile>
  </ItemGroup>
  <ItemGroup>
    <None Include="KeyframeAnimation.vertexshader">
      <Filter>Source Files</Filter>
    </None>
    <None Include="SimpleTransformWithColor.vertexshader">
      <Filter>Source Files</Filter>
    </None>
    <None Include="TextureLighting.fragmentshader">
      <Filter>Source Files</Filter>
    </None>
  </ItemGroup>
  <ItemGroup>
    <ClInclude Include="Application Manager\ApplicationManager.h">
      <Filter>Application Manager</Filter>
    </ClInclude>
    <ClInclude Include="EulerCamera\EulerCamera.h">
      <Filter>Euler Camera</Filter>
    </ClInclude>
    <ClInclude Include="Model\Model.h">
      <Filter>Model</Filter>
    </ClInclude>
    <ClInclude Include="Scene\Model3D.h">
      <Filter>Scene</Filter>
    </ClInclude>
    <ClInclude Include="Scene\ModelNode.h">
      <Filter>Scene</Filter>
    </ClInclude>
    <ClInclude Include="Scene\TexturedModel.h">
      <Filter>Scene</Filter>
    </ClInclude>
    <ClInclude Include="Renderer\Renderer.h">
      <Filter>Renderer</Filter>
    </ClInclude>
    <ClInclude Include="GraphicsDevice\ShaderProgram.h">
      <Filter>Shader Program</Filter>
    </ClInclude>
    <ClInclude Include="Shaders\shader.hpp">
      <Filter>Shader Program\Shader Loader</Filter>
    </ClInclude>
    <ClInclude Include="Texture\texture.h">
      <Filter>Texture</Filter>
    </ClInclude>
    <ClInclude Include="Texture\Texture Loader\stb_image.h">
      <Filter>Texture\Texture Loader</Filter>
    </ClInclude>
    <ClInclude Include="GraphicsDevice\KeyFrameAnimationShader.h">
      <Filter>Shader Program</Filter>
    </ClInclude>
    <ClInclude Include="MD2Model\md2model.h">
      <Filter>MD2Model</Filter>
    </ClInclude>
    <ClInclude Include="MD2Model\vertexBufferObject.h">
      <Filter>MD2Model</Filter>
    </ClInclude>
    <ClInclude Include="CollisionDetection\AABoundingBox.h">
      <Filter>CollisionDetection</Filter>
    </ClInclude>
    <ClInclude Include="CollisionDetection\CollidableModel.h">
      <Filter>CollisionDetection</Filter>
    </ClInclude>
    <ClInclude Include="CollisionDetection\CollisionManager.h">
      <Filter>CollisionDetection</Filter>
    </ClInclude>
    <ClInclude Include="GameObject.h">
      <Filter>GameObject</Filter>
    </ClInclude>
    <ClInclude Include="Hero.h">
      <Filter>Hero</Filter>
    </ClInclude>
    <ClInclude Include="ThirdPersonCamera.h">
      <Filter>ThirdPersonCamera</Filter>
    </ClInclude>
    <ClInclude Include="Rings.h">
      <Filter>Rings</Filter>
    </ClInclude>
    <ClInclude Include="Cube.h">
      <Filter>Cube</Filter>
    </ClInclude>
  </ItemGroup>
</Project>